
Microsoft Visual Studio Solution File, Format Version 12.00
# Visual Studio Version 16
VisualStudioVersion = 16.0.30104.148
MinimumVisualStudioVersion = 10.0.40219.1
Project("{2150E333-8FDC-42A3-9474-1A3956D46DE8}") = "Services", "Services", "{C86D8C16-D98B-45A8-A8FA-3DE5C9B1759D}"
EndProject
Project("{2150E333-8FDC-42A3-9474-1A3956D46DE8}") = "Catalog", "Catalog", "{DB093953-1C77-40B2-A357-ED41C714CA44}"
EndProject
Project("{9A19103F-16F7-4668-BE54-9A1E7A4F7556}") = "Catalog.API", "Services\Catalog\Catalog.API\Catalog.API.csproj", "{CCE65DC1-9FA1-423B-9428-AF0B76EBB378}"
EndProject
Project("{E53339B2-1760-4266-BCC7-CA923CBCF16C}") = "docker-compose", "docker-compose.dcproj", "{BAE750A5-AC3F-4AA0-9CD0-7184A594B23E}"
EndProject
Project("{2150E333-8FDC-42A3-9474-1A3956D46DE8}") = "Basket", "Basket", "{22A22341-95A1-4C06-9BF8-86227AB0EC4B}"
EndProject
Project("{FAE04EC0-301F-11D3-BF4B-00C04F79EFBC}") = "Basket.API", "Services\Basket\Basket.API\Basket.API.csproj", "{1F73534C-A5AD-441C-B29F-71BD2DC909E8}"
EndProject
Global
	GlobalSection(SolutionConfigurationPlatforms) = preSolution
		Debug|Any CPU = Debug|Any CPU
		Release|Any CPU = Release|Any CPU
	EndGlobalSection
	GlobalSection(ProjectConfigurationPlatforms) = postSolution
		{CCE65DC1-9FA1-423B-9428-AF0B76EBB378}.Debug|Any CPU.ActiveCfg = Debug|Any CPU
		{CCE65DC1-9FA1-423B-9428-AF0B76EBB378}.Debug|Any CPU.Build.0 = Debug|Any CPU
		{CCE65DC1-9FA1-423B-9428-AF0B76EBB378}.Release|Any CPU.ActiveCfg = Release|Any CPU
		{CCE65DC1-9FA1-423B-9428-AF0B76EBB378}.Release|Any CPU.Build.0 = Release|Any CPU
		{BAE750A5-AC3F-4AA0-9CD0-7184A594B23E}.Debug|Any CPU.ActiveCfg = Debug|Any CPU
		{BAE750A5-AC3F-4AA0-9CD0-7184A594B23E}.Debug|Any CPU.Build.0 = Debug|Any CPU
		{BAE750A5-AC3F-4AA0-9CD0-7184A594B23E}.Release|Any CPU.ActiveCfg = Release|Any CPU
		{BAE750A5-AC3F-4AA0-9CD0-7184A594B23E}.Release|Any CPU.Build.0 = Release|Any CPU
		{1F73534C-A5AD-441C-B29F-71BD2DC909E8}.Debug|Any CPU.ActiveCfg = Debug|Any CPU
		{1F73534C-A5AD-441C-B29F-71BD2DC909E8}.Debug|Any CPU.Build.0 = Debug|Any CPU
		{1F73534C-A5AD-441C-B29F-71BD2DC909E8}.Release|Any CPU.ActiveCfg = Release|Any CPU
		{1F73534C-A5AD-441C-B29F-71BD2DC909E8}.Release|Any CPU.Build.0 = Release|Any CPU
	EndGlobalSection
	GlobalSection(SolutionProperties) = preSolution
		HideSolutionNode = FALSE
	EndGlobalSection
	GlobalSection(NestedProjects) = preSolution
		{DB093953-1C77-40B2-A357-ED41C714CA44} = {C86D8C16-D98B-45A8-A8FA-3DE5C9B1759D}
		{CCE65DC1-9FA1-423B-9428-AF0B76EBB378} = {DB093953-1C77-40B2-A357-ED41C714CA44}
		{22A22341-95A1-4C06-9BF8-86227AB0EC4B} = {C86D8C16-D98B-45A8-A8FA-3DE5C9B1759D}
		{1F73534C-A5AD-441C-B29F-71BD2DC909E8} = {22A22341-95A1-4C06-9BF8-86227AB0EC4B}
	EndGlobalSection
	GlobalSection(ExtensibilityGlobals) = postSolution
		SolutionGuid = {42678DF7-C0EF-4B05-BD0D-28A1482E0A0E}
	EndGlobalSection
EndGlobal
